
Microsoft Visual Studio Solution File, Format Version 12.00
# Visual Studio Version 17
VisualStudioVersion = 17.3.32728.150
MinimumVisualStudioVersion = 10.0.40219.1
Project("{2150E333-8FDC-42A3-9474-1A3956D46DE8}") = "CardStorageService", "CardStorageService", "{6EE8CEEE-960E-4F38-B479-BFFF7E256DA1}"
EndProject
Project("{9A19103F-16F7-4668-BE54-9A1E7A4F7556}") = "CardStorageService.API", "CardStorageService\CardStorageService.API\CardStorageService.API.csproj", "{F6DF86F7-6046-4533-B723-F6C297259C4B}"
EndProject
Project("{9A19103F-16F7-4668-BE54-9A1E7A4F7556}") = "CardStorageService.Storage", "CardStorageService\CardStorageService.Storage\CardStorageService.Storage.csproj", "{9D2A9600-6EF5-40DF-A097-8C1B151377E3}"
EndProject
Project("{9A19103F-16F7-4668-BE54-9A1E7A4F7556}") = "CardStorageService.Core", "CardStorageService\CardStorageService.Core\CardStorageService.Core.csproj", "{2DFEEAF1-1816-4871-A95D-11B1642EE809}"
EndProject
Project("{2150E333-8FDC-42A3-9474-1A3956D46DE8}") = "SettingsAndCache", "SettingsAndCache", "{F14BE4CB-45C9-4EB3-978D-393861829012}"
EndProject
Project("{9A19103F-16F7-4668-BE54-9A1E7A4F7556}") = "DataToCache", "SettingsAndCache\DataToCache\DataToCache.csproj", "{AD6C060A-CDFE-4616-A00A-E9651DF2E23E}"
EndProject
Project("{FAE04EC0-301F-11D3-BF4B-00C04F79EFBC}") = "DataToSettings", "SettingsAndCache\DataToSettings\DataToSettings.csproj", "{10BC60CD-9034-462C-98FF-2F97E5B9B063}"
EndProject
Project("{2150E333-8FDC-42A3-9474-1A3956D46DE8}") = "Patterns", "Patterns", "{3F82B64F-8630-482B-8983-702149C6CB14}"
EndProject
Project("{9A19103F-16F7-4668-BE54-9A1E7A4F7556}") = "Patterns", "Patterns\Patterns\Patterns.csproj", "{82605E84-1230-4523-8C9A-FFA2BD002915}"
EndProject
Project("{9A19103F-16F7-4668-BE54-9A1E7A4F7556}") = "CardStorageService.Grpc", "CardStorageService\CardStorageService.Grpc\CardStorageService.Grpc.csproj", "{497CA4E0-64D6-421A-BF93-38D8E97D5074}"
EndProject
Project("{FAE04EC0-301F-11D3-BF4B-00C04F79EFBC}") = "CardStorageServiceClient", "CardStorageService\CardStorageServiceClient\CardStorageServiceClient.csproj", "{EA4A83CA-F004-4A3A-9FCB-D1291A73F640}"
EndProject
Global
	GlobalSection(SolutionConfigurationPlatforms) = preSolution
		Debug|Any CPU = Debug|Any CPU
		Release|Any CPU = Release|Any CPU
	EndGlobalSection
	GlobalSection(ProjectConfigurationPlatforms) = postSolution
		{F6DF86F7-6046-4533-B723-F6C297259C4B}.Debug|Any CPU.ActiveCfg = Debug|Any CPU
		{F6DF86F7-6046-4533-B723-F6C297259C4B}.Debug|Any CPU.Build.0 = Debug|Any CPU
		{F6DF86F7-6046-4533-B723-F6C297259C4B}.Release|Any CPU.ActiveCfg = Release|Any CPU
		{F6DF86F7-6046-4533-B723-F6C297259C4B}.Release|Any CPU.Build.0 = Release|Any CPU
		{9D2A9600-6EF5-40DF-A097-8C1B151377E3}.Debug|Any CPU.ActiveCfg = Debug|Any CPU
		{9D2A9600-6EF5-40DF-A097-8C1B151377E3}.Debug|Any CPU.Build.0 = Debug|Any CPU
		{9D2A9600-6EF5-40DF-A097-8C1B151377E3}.Release|Any CPU.ActiveCfg = Release|Any CPU
		{9D2A9600-6EF5-40DF-A097-8C1B151377E3}.Release|Any CPU.Build.0 = Release|Any CPU
		{2DFEEAF1-1816-4871-A95D-11B1642EE809}.Debug|Any CPU.ActiveCfg = Debug|Any CPU
		{2DFEEAF1-1816-4871-A95D-11B1642EE809}.Debug|Any CPU.Build.0 = Debug|Any CPU
		{2DFEEAF1-1816-4871-A95D-11B1642EE809}.Release|Any CPU.ActiveCfg = Release|Any CPU
		{2DFEEAF1-1816-4871-A95D-11B1642EE809}.Release|Any CPU.Build.0 = Release|Any CPU
		{AD6C060A-CDFE-4616-A00A-E9651DF2E23E}.Debug|Any CPU.ActiveCfg = Debug|Any CPU
		{AD6C060A-CDFE-4616-A00A-E9651DF2E23E}.Debug|Any CPU.Build.0 = Debug|Any CPU
		{AD6C060A-CDFE-4616-A00A-E9651DF2E23E}.Release|Any CPU.ActiveCfg = Release|Any CPU
		{AD6C060A-CDFE-4616-A00A-E9651DF2E23E}.Release|Any CPU.Build.0 = Release|Any CPU
		{10BC60CD-9034-462C-98FF-2F97E5B9B063}.Debug|Any CPU.ActiveCfg = Debug|Any CPU
		{10BC60CD-9034-462C-98FF-2F97E5B9B063}.Debug|Any CPU.Build.0 = Debug|Any CPU
		{10BC60CD-9034-462C-98FF-2F97E5B9B063}.Release|Any CPU.ActiveCfg = Release|Any CPU
		{10BC60CD-9034-462C-98FF-2F97E5B9B063}.Release|Any CPU.Build.0 = Release|Any CPU
		{82605E84-1230-4523-8C9A-FFA2BD002915}.Debug|Any CPU.ActiveCfg = Debug|Any CPU
		{82605E84-1230-4523-8C9A-FFA2BD002915}.Debug|Any CPU.Build.0 = Debug|Any CPU
		{82605E84-1230-4523-8C9A-FFA2BD002915}.Release|Any CPU.ActiveCfg = Release|Any CPU
		{82605E84-1230-4523-8C9A-FFA2BD002915}.Release|Any CPU.Build.0 = Release|Any CPU
		{497CA4E0-64D6-421A-BF93-38D8E97D5074}.Debug|Any CPU.ActiveCfg = Debug|Any CPU
		{497CA4E0-64D6-421A-BF93-38D8E97D5074}.Debug|Any CPU.Build.0 = Debug|Any CPU
		{497CA4E0-64D6-421A-BF93-38D8E97D5074}.Release|Any CPU.ActiveCfg = Release|Any CPU
		{497CA4E0-64D6-421A-BF93-38D8E97D5074}.Release|Any CPU.Build.0 = Release|Any CPU
		{EA4A83CA-F004-4A3A-9FCB-D1291A73F640}.Debug|Any CPU.ActiveCfg = Debug|Any CPU
		{EA4A83CA-F004-4A3A-9FCB-D1291A73F640}.Debug|Any CPU.Build.0 = Debug|Any CPU
		{EA4A83CA-F004-4A3A-9FCB-D1291A73F640}.Release|Any CPU.ActiveCfg = Release|Any CPU
		{EA4A83CA-F004-4A3A-9FCB-D1291A73F640}.Release|Any CPU.Build.0 = Release|Any CPU
	EndGlobalSection
	GlobalSection(SolutionProperties) = preSolution
		HideSolutionNode = FALSE
	EndGlobalSection
	GlobalSection(NestedProjects) = preSolution
		{F6DF86F7-6046-4533-B723-F6C297259C4B} = {6EE8CEEE-960E-4F38-B479-BFFF7E256DA1}
		{9D2A9600-6EF5-40DF-A097-8C1B151377E3} = {6EE8CEEE-960E-4F38-B479-BFFF7E256DA1}
		{2DFEEAF1-1816-4871-A95D-11B1642EE809} = {6EE8CEEE-960E-4F38-B479-BFFF7E256DA1}
		{AD6C060A-CDFE-4616-A00A-E9651DF2E23E} = {F14BE4CB-45C9-4EB3-978D-393861829012}
		{10BC60CD-9034-462C-98FF-2F97E5B9B063} = {F14BE4CB-45C9-4EB3-978D-393861829012}
		{82605E84-1230-4523-8C9A-FFA2BD002915} = {3F82B64F-8630-482B-8983-702149C6CB14}
		{497CA4E0-64D6-421A-BF93-38D8E97D5074} = {6EE8CEEE-960E-4F38-B479-BFFF7E256DA1}
		{EA4A83CA-F004-4A3A-9FCB-D1291A73F640} = {6EE8CEEE-960E-4F38-B479-BFFF7E256DA1}
	EndGlobalSection
	GlobalSection(ExtensibilityGlobals) = postSolution
		SolutionGuid = {5F1411E3-1D52-4E6F-AA91-FB0BC2CC1DC0}
	EndGlobalSection
EndGlobal
